
Microsoft Visual Studio Solution File, Format Version 12.00
# Visual Studio Version 17
VisualStudioVersion = 17.4.33110.190
MinimumVisualStudioVersion = 10.0.40219.1
Project("{FAE04EC0-301F-11D3-BF4B-00C04F79EFBC}") = "Lab7", "Lab7\Lab7.csproj", "{A619C292-EDE2-4B5E-873D-BCEB528DC393}"
EndProject
Global
	GlobalSection(SolutionConfigurationPlatforms) = preSolution
		Debug|Any CPU = Debug|Any CPU
		Release|Any CPU = Release|Any CPU
	EndGlobalSection
	GlobalSection(ProjectConfigurationPlatforms) = postSolution
		{A619C292-EDE2-4B5E-873D-BCEB528DC393}.Debug|Any CPU.ActiveCfg = Debug|Any CPU
		{A619C292-EDE2-4B5E-873D-BCEB528DC393}.Debug|Any CPU.Build.0 = Debug|Any CPU
		{A619C292-EDE2-4B5E-873D-BCEB528DC393}.Release|Any CPU.ActiveCfg = Release|Any CPU
		{A619C292-EDE2-4B5E-873D-BCEB528DC393}.Release|Any CPU.Build.0 = Release|Any CPU
	EndGlobalSection
	GlobalSection(SolutionProperties) = preSolution
		HideSolutionNode = FALSE
	EndGlobalSection
	GlobalSection(ExtensibilityGlobals) = postSolution
		SolutionGuid = {8EE9E7A3-95F7-4BEB-B51D-08685FA2D0CD}
	EndGlobalSection
EndGlobal
